
Microsoft Visual Studio Solution File, Format Version 12.00
# Visual Studio Version 17
VisualStudioVersion = 17.5.33502.453
MinimumVisualStudioVersion = 10.0.40219.1
Project("{FAE04EC0-301F-11D3-BF4B-00C04F79EFBC}") = "TocoYVoy", "TocoYVoy\TocoYVoy.csproj", "{D91D66EA-611F-49B6-81EB-B196D029B9AF}"
EndProject
Global
	GlobalSection(SolutionConfigurationPlatforms) = preSolution
		Debug|Any CPU = Debug|Any CPU
		Release|Any CPU = Release|Any CPU
	EndGlobalSection
	GlobalSection(ProjectConfigurationPlatforms) = postSolution
		{D91D66EA-611F-49B6-81EB-B196D029B9AF}.Debug|Any CPU.ActiveCfg = Debug|Any CPU
		{D91D66EA-611F-49B6-81EB-B196D029B9AF}.Debug|Any CPU.Build.0 = Debug|Any CPU
		{D91D66EA-611F-49B6-81EB-B196D029B9AF}.Release|Any CPU.ActiveCfg = Release|Any CPU
		{D91D66EA-611F-49B6-81EB-B196D029B9AF}.Release|Any CPU.Build.0 = Release|Any CPU
	EndGlobalSection
	GlobalSection(SolutionProperties) = preSolution
		HideSolutionNode = FALSE
	EndGlobalSection
	GlobalSection(ExtensibilityGlobals) = postSolution
		SolutionGuid = {0F296D50-C289-4FFD-AE81-DD2B39F289EB}
	EndGlobalSection
EndGlobal
